
Microsoft Visual Studio Solution File, Format Version 12.00
# Visual Studio Version 17
VisualStudioVersion = 17.5.33627.172
MinimumVisualStudioVersion = 10.0.40219.1
Project("{FAE04EC0-301F-11D3-BF4B-00C04F79EFBC}") = "TodoApiServer", "TodoApiServer\TodoApiServer.csproj", "{02EA94D0-36EE-41C8-B33B-4FC497842588}"
EndProject
Project("{FAE04EC0-301F-11D3-BF4B-00C04F79EFBC}") = "BookRentalShopApi", "BookRentalShopApi\BookRentalShopApi.csproj", "{26B50CC2-9DA1-4CBF-AAAD-36C9B24AE1EF}"
EndProject
Global
	GlobalSection(SolutionConfigurationPlatforms) = preSolution
		Debug|Any CPU = Debug|Any CPU
		Release|Any CPU = Release|Any CPU
	EndGlobalSection
	GlobalSection(ProjectConfigurationPlatforms) = postSolution
		{02EA94D0-36EE-41C8-B33B-4FC497842588}.Debug|Any CPU.ActiveCfg = Debug|Any CPU
		{02EA94D0-36EE-41C8-B33B-4FC497842588}.Debug|Any CPU.Build.0 = Debug|Any CPU
		{02EA94D0-36EE-41C8-B33B-4FC497842588}.Release|Any CPU.ActiveCfg = Release|Any CPU
		{02EA94D0-36EE-41C8-B33B-4FC497842588}.Release|Any CPU.Build.0 = Release|Any CPU
		{26B50CC2-9DA1-4CBF-AAAD-36C9B24AE1EF}.Debug|Any CPU.ActiveCfg = Debug|Any CPU
		{26B50CC2-9DA1-4CBF-AAAD-36C9B24AE1EF}.Debug|Any CPU.Build.0 = Debug|Any CPU
		{26B50CC2-9DA1-4CBF-AAAD-36C9B24AE1EF}.Release|Any CPU.ActiveCfg = Release|Any CPU
		{26B50CC2-9DA1-4CBF-AAAD-36C9B24AE1EF}.Release|Any CPU.Build.0 = Release|Any CPU
	EndGlobalSection
	GlobalSection(SolutionProperties) = preSolution
		HideSolutionNode = FALSE
	EndGlobalSection
	GlobalSection(ExtensibilityGlobals) = postSolution
		SolutionGuid = {DE11453D-598B-4EBA-9E1E-6A2605CC8AAE}
	EndGlobalSection
EndGlobal
