
Microsoft Visual Studio Solution File, Format Version 12.00
# Visual Studio Version 17
VisualStudioVersion = 17.5.33627.172
MinimumVisualStudioVersion = 10.0.40219.1
Project("{FAE04EC0-301F-11D3-BF4B-00C04F79EFBC}") = "ConsoleApp1", "ConsoleApp1\ConsoleApp1.csproj", "{745EB788-D69A-4256-8623-6E9600F0E0E9}"
EndProject
Global
	GlobalSection(SolutionConfigurationPlatforms) = preSolution
		Debug|Any CPU = Debug|Any CPU
		Release|Any CPU = Release|Any CPU
	EndGlobalSection
	GlobalSection(ProjectConfigurationPlatforms) = postSolution
		{745EB788-D69A-4256-8623-6E9600F0E0E9}.Debug|Any CPU.ActiveCfg = Debug|Any CPU
		{745EB788-D69A-4256-8623-6E9600F0E0E9}.Debug|Any CPU.Build.0 = Debug|Any CPU
		{745EB788-D69A-4256-8623-6E9600F0E0E9}.Release|Any CPU.ActiveCfg = Release|Any CPU
		{745EB788-D69A-4256-8623-6E9600F0E0E9}.Release|Any CPU.Build.0 = Release|Any CPU
	EndGlobalSection
	GlobalSection(SolutionProperties) = preSolution
		HideSolutionNode = FALSE
	EndGlobalSection
	GlobalSection(ExtensibilityGlobals) = postSolution
		SolutionGuid = {CAB8B0D9-5CAC-4E07-BD9B-C6147B4BA884}
	EndGlobalSection
EndGlobal
